
Microsoft Visual Studio Solution File, Format Version 12.00
# Visual Studio 15
VisualStudioVersion = 15.0.27130.2020
MinimumVisualStudioVersion = 10.0.40219.1
Project("{FAE04EC0-301F-11D3-BF4B-00C04F79EFBC}") = "Narivia", "Narivia\Narivia.csproj", "{D27945D0-3108-4421-952D-19E8E2808827}"
EndProject
Global
	GlobalSection(SolutionConfigurationPlatforms) = preSolution
		Debug|Any CPU = Debug|Any CPU
		Debug|x86 = Debug|x86
		Release|Any CPU = Release|Any CPU
		Release|x86 = Release|x86
	EndGlobalSection
	GlobalSection(ProjectConfigurationPlatforms) = postSolution
		{D27945D0-3108-4421-952D-19E8E2808827}.Debug|Any CPU.ActiveCfg = Debug|Any CPU
		{D27945D0-3108-4421-952D-19E8E2808827}.Debug|Any CPU.Build.0 = Debug|Any CPU
		{D27945D0-3108-4421-952D-19E8E2808827}.Debug|x86.ActiveCfg = Debug|Any CPU
		{D27945D0-3108-4421-952D-19E8E2808827}.Debug|x86.Build.0 = Debug|Any CPU
		{D27945D0-3108-4421-952D-19E8E2808827}.Release|Any CPU.ActiveCfg = Release|Any CPU
		{D27945D0-3108-4421-952D-19E8E2808827}.Release|Any CPU.Build.0 = Release|Any CPU
		{D27945D0-3108-4421-952D-19E8E2808827}.Release|x86.ActiveCfg = Release|Any CPU
		{D27945D0-3108-4421-952D-19E8E2808827}.Release|x86.Build.0 = Release|Any CPU
	EndGlobalSection
	GlobalSection(SolutionProperties) = preSolution
		HideSolutionNode = FALSE
	EndGlobalSection
	GlobalSection(ExtensibilityGlobals) = postSolution
		SolutionGuid = {1060E3EB-BB13-49A7-B269-63D38CDB6004}
	EndGlobalSection
EndGlobal
