
Microsoft Visual Studio Solution File, Format Version 12.00
# Visual Studio 14
VisualStudioVersion = 14.0.25420.1
MinimumVisualStudioVersion = 10.0.40219.1
Project("{FAE04EC0-301F-11D3-BF4B-00C04F79EFBC}") = "Narivia", "Narivia\Narivia.csproj", "{3EE2C5D1-CBB1-445B-98BE-C9254C155F2A}"
EndProject
Project("{FAE04EC0-301F-11D3-BF4B-00C04F79EFBC}") = "Narivia.DataAccess", "Narivia.DataAccess\Narivia.DataAccess.csproj", "{1933F8D8-3C88-4329-A209-949F921598CE}"
EndProject
Project("{FAE04EC0-301F-11D3-BF4B-00C04F79EFBC}") = "Narivia.Models", "Narivia.Models\Narivia.Models.csproj", "{78502827-88B2-4989-85CF-7ED78AC7CF10}"
EndProject
Project("{FAE04EC0-301F-11D3-BF4B-00C04F79EFBC}") = "Narivia.Infrastructure", "Narivia.Infrastructure\Narivia.Infrastructure.csproj", "{ACC1B4C7-D5F3-4BB2-AF61-0CBF48B99DED}"
EndProject
Project("{FAE04EC0-301F-11D3-BF4B-00C04F79EFBC}") = "Narivia.BusinessLogic", "Narivia.BusinessLogic\Narivia.BusinessLogic.csproj", "{3D8AC77C-03A5-470B-B5C3-26E7AFA1C618}"
EndProject
Project("{FAE04EC0-301F-11D3-BF4B-00C04F79EFBC}") = "Narivia.Data", "Narivia.Data\Narivia.Data.csproj", "{2C8EACD9-7F02-4176-A2BE-DBE94B824A8C}"
EndProject
Global
	GlobalSection(SolutionConfigurationPlatforms) = preSolution
		Debug|Any CPU = Debug|Any CPU
		Debug|x86 = Debug|x86
		Release|Any CPU = Release|Any CPU
		Release|x86 = Release|x86
	EndGlobalSection
	GlobalSection(ProjectConfigurationPlatforms) = postSolution
		{3EE2C5D1-CBB1-445B-98BE-C9254C155F2A}.Debug|Any CPU.ActiveCfg = Debug|x86
		{3EE2C5D1-CBB1-445B-98BE-C9254C155F2A}.Debug|x86.ActiveCfg = Debug|x86
		{3EE2C5D1-CBB1-445B-98BE-C9254C155F2A}.Debug|x86.Build.0 = Debug|x86
		{3EE2C5D1-CBB1-445B-98BE-C9254C155F2A}.Release|Any CPU.ActiveCfg = Release|x86
		{3EE2C5D1-CBB1-445B-98BE-C9254C155F2A}.Release|x86.ActiveCfg = Release|x86
		{3EE2C5D1-CBB1-445B-98BE-C9254C155F2A}.Release|x86.Build.0 = Release|x86
		{1933F8D8-3C88-4329-A209-949F921598CE}.Debug|Any CPU.ActiveCfg = Debug|Any CPU
		{1933F8D8-3C88-4329-A209-949F921598CE}.Debug|Any CPU.Build.0 = Debug|Any CPU
		{1933F8D8-3C88-4329-A209-949F921598CE}.Debug|x86.ActiveCfg = Debug|Any CPU
		{1933F8D8-3C88-4329-A209-949F921598CE}.Debug|x86.Build.0 = Debug|Any CPU
		{1933F8D8-3C88-4329-A209-949F921598CE}.Release|Any CPU.ActiveCfg = Release|Any CPU
		{1933F8D8-3C88-4329-A209-949F921598CE}.Release|Any CPU.Build.0 = Release|Any CPU
		{1933F8D8-3C88-4329-A209-949F921598CE}.Release|x86.ActiveCfg = Release|Any CPU
		{1933F8D8-3C88-4329-A209-949F921598CE}.Release|x86.Build.0 = Release|Any CPU
		{78502827-88B2-4989-85CF-7ED78AC7CF10}.Debug|Any CPU.ActiveCfg = Debug|Any CPU
		{78502827-88B2-4989-85CF-7ED78AC7CF10}.Debug|Any CPU.Build.0 = Debug|Any CPU
		{78502827-88B2-4989-85CF-7ED78AC7CF10}.Debug|x86.ActiveCfg = Debug|Any CPU
		{78502827-88B2-4989-85CF-7ED78AC7CF10}.Debug|x86.Build.0 = Debug|Any CPU
		{78502827-88B2-4989-85CF-7ED78AC7CF10}.Release|Any CPU.ActiveCfg = Release|Any CPU
		{78502827-88B2-4989-85CF-7ED78AC7CF10}.Release|Any CPU.Build.0 = Release|Any CPU
		{78502827-88B2-4989-85CF-7ED78AC7CF10}.Release|x86.ActiveCfg = Release|Any CPU
		{78502827-88B2-4989-85CF-7ED78AC7CF10}.Release|x86.Build.0 = Release|Any CPU
		{ACC1B4C7-D5F3-4BB2-AF61-0CBF48B99DED}.Debug|Any CPU.ActiveCfg = Debug|Any CPU
		{ACC1B4C7-D5F3-4BB2-AF61-0CBF48B99DED}.Debug|Any CPU.Build.0 = Debug|Any CPU
		{ACC1B4C7-D5F3-4BB2-AF61-0CBF48B99DED}.Debug|x86.ActiveCfg = Debug|Any CPU
		{ACC1B4C7-D5F3-4BB2-AF61-0CBF48B99DED}.Debug|x86.Build.0 = Debug|Any CPU
		{ACC1B4C7-D5F3-4BB2-AF61-0CBF48B99DED}.Release|Any CPU.ActiveCfg = Release|Any CPU
		{ACC1B4C7-D5F3-4BB2-AF61-0CBF48B99DED}.Release|Any CPU.Build.0 = Release|Any CPU
		{ACC1B4C7-D5F3-4BB2-AF61-0CBF48B99DED}.Release|x86.ActiveCfg = Release|Any CPU
		{ACC1B4C7-D5F3-4BB2-AF61-0CBF48B99DED}.Release|x86.Build.0 = Release|Any CPU
		{3D8AC77C-03A5-470B-B5C3-26E7AFA1C618}.Debug|Any CPU.ActiveCfg = Debug|Any CPU
		{3D8AC77C-03A5-470B-B5C3-26E7AFA1C618}.Debug|Any CPU.Build.0 = Debug|Any CPU
		{3D8AC77C-03A5-470B-B5C3-26E7AFA1C618}.Debug|x86.ActiveCfg = Debug|Any CPU
		{3D8AC77C-03A5-470B-B5C3-26E7AFA1C618}.Debug|x86.Build.0 = Debug|Any CPU
		{3D8AC77C-03A5-470B-B5C3-26E7AFA1C618}.Release|Any CPU.ActiveCfg = Release|Any CPU
		{3D8AC77C-03A5-470B-B5C3-26E7AFA1C618}.Release|Any CPU.Build.0 = Release|Any CPU
		{3D8AC77C-03A5-470B-B5C3-26E7AFA1C618}.Release|x86.ActiveCfg = Release|Any CPU
		{3D8AC77C-03A5-470B-B5C3-26E7AFA1C618}.Release|x86.Build.0 = Release|Any CPU
		{2C8EACD9-7F02-4176-A2BE-DBE94B824A8C}.Debug|Any CPU.ActiveCfg = Debug|Any CPU
		{2C8EACD9-7F02-4176-A2BE-DBE94B824A8C}.Debug|Any CPU.Build.0 = Debug|Any CPU
		{2C8EACD9-7F02-4176-A2BE-DBE94B824A8C}.Debug|x86.ActiveCfg = Debug|Any CPU
		{2C8EACD9-7F02-4176-A2BE-DBE94B824A8C}.Debug|x86.Build.0 = Debug|Any CPU
		{2C8EACD9-7F02-4176-A2BE-DBE94B824A8C}.Release|Any CPU.ActiveCfg = Release|Any CPU
		{2C8EACD9-7F02-4176-A2BE-DBE94B824A8C}.Release|Any CPU.Build.0 = Release|Any CPU
		{2C8EACD9-7F02-4176-A2BE-DBE94B824A8C}.Release|x86.ActiveCfg = Release|Any CPU
		{2C8EACD9-7F02-4176-A2BE-DBE94B824A8C}.Release|x86.Build.0 = Release|Any CPU
	EndGlobalSection
	GlobalSection(SolutionProperties) = preSolution
		HideSolutionNode = FALSE
	EndGlobalSection
EndGlobal
